
Microsoft Visual Studio Solution File, Format Version 12.00
# Visual Studio Version 16
VisualStudioVersion = 16.0.28621.142
MinimumVisualStudioVersion = 10.0.40219.1
Project("{FAE04EC0-301F-11D3-BF4B-00C04F79EFBC}") = "DaifugoWPF", "DaifugoWPF\DaifugoWPF.csproj", "{5805C40C-43BD-4593-A50A-E57FCC77BAD6}"
EndProject
Global
	GlobalSection(SolutionConfigurationPlatforms) = preSolution
		Debug|Any CPU = Debug|Any CPU
		Release|Any CPU = Release|Any CPU
	EndGlobalSection
	GlobalSection(ProjectConfigurationPlatforms) = postSolution
		{5805C40C-43BD-4593-A50A-E57FCC77BAD6}.Debug|Any CPU.ActiveCfg = Debug|Any CPU
		{5805C40C-43BD-4593-A50A-E57FCC77BAD6}.Debug|Any CPU.Build.0 = Debug|Any CPU
		{5805C40C-43BD-4593-A50A-E57FCC77BAD6}.Release|Any CPU.ActiveCfg = Release|Any CPU
		{5805C40C-43BD-4593-A50A-E57FCC77BAD6}.Release|Any CPU.Build.0 = Release|Any CPU
	EndGlobalSection
	GlobalSection(SolutionProperties) = preSolution
		HideSolutionNode = FALSE
	EndGlobalSection
	GlobalSection(ExtensibilityGlobals) = postSolution
		SolutionGuid = {DBEEC52D-6B22-444A-8156-F935BC0DD99D}
	EndGlobalSection
EndGlobal
